
Microsoft Visual Studio Solution File, Format Version 12.00
# Visual Studio Version 17
VisualStudioVersion = 17.3.32901.215
MinimumVisualStudioVersion = 10.0.40219.1
Project("{8BC9CEB8-8B4A-11D0-8D11-00A0C91BC942}") = "lab4", "lab4.vcxproj", "{D92AD26B-752A-4277-B2EC-6F31D1199E0B}"
EndProject
Global
	GlobalSection(SolutionConfigurationPlatforms) = preSolution
		Debug|x64 = Debug|x64
		Debug|x86 = Debug|x86
		Release|x64 = Release|x64
		Release|x86 = Release|x86
	EndGlobalSection
	GlobalSection(ProjectConfigurationPlatforms) = postSolution
		{D92AD26B-752A-4277-B2EC-6F31D1199E0B}.Debug|x64.ActiveCfg = Debug|x64
		{D92AD26B-752A-4277-B2EC-6F31D1199E0B}.Debug|x64.Build.0 = Debug|x64
		{D92AD26B-752A-4277-B2EC-6F31D1199E0B}.Debug|x86.ActiveCfg = Debug|Win32
		{D92AD26B-752A-4277-B2EC-6F31D1199E0B}.Debug|x86.Build.0 = Debug|Win32
		{D92AD26B-752A-4277-B2EC-6F31D1199E0B}.Release|x64.ActiveCfg = Release|x64
		{D92AD26B-752A-4277-B2EC-6F31D1199E0B}.Release|x64.Build.0 = Release|x64
		{D92AD26B-752A-4277-B2EC-6F31D1199E0B}.Release|x86.ActiveCfg = Release|Win32
		{D92AD26B-752A-4277-B2EC-6F31D1199E0B}.Release|x86.Build.0 = Release|Win32
	EndGlobalSection
	GlobalSection(SolutionProperties) = preSolution
		HideSolutionNode = FALSE
	EndGlobalSection
	GlobalSection(ExtensibilityGlobals) = postSolution
		SolutionGuid = {5F31DEEF-F37F-4540-B761-8ED238DA55D0}
	EndGlobalSection
EndGlobal
